
Microsoft Visual Studio Solution File, Format Version 12.00
# Visual Studio Version 17
VisualStudioVersion = 17.2.32630.192
MinimumVisualStudioVersion = 10.0.40219.1
Project("{9A19103F-16F7-4668-BE54-9A1E7A4F7556}") = "R5T.D0048.Construction", "R5T.D0048.Construction\R5T.D0048.Construction.csproj", "{23D9D4EE-E896-42D1-9D89-346203408075}"
EndProject
Project("{9A19103F-16F7-4668-BE54-9A1E7A4F7556}") = "R5T.D0048.Base", "R5T.D0048.Base\R5T.D0048.Base.csproj", "{3D59182E-45E1-42D8-A1A3-987FDAA2FA00}"
EndProject
Project("{9A19103F-16F7-4668-BE54-9A1E7A4F7556}") = "R5T.D0048.Default", "R5T.D0048.Default\R5T.D0048.Default.csproj", "{0FD8A7D6-998A-49D9-8AA9-94FA1CB3D915}"
EndProject
Project("{2150E333-8FDC-42A3-9474-1A3956D46DE8}") = "_Dependencies", "_Dependencies", "{0BF7BE05-63BC-4991-B7D3-2CF90DEBEB7B}"
EndProject
Project("{9A19103F-16F7-4668-BE54-9A1E7A4F7556}") = "R5T.T0064", "..\..\R5T.T0064\source\R5T.T0064\R5T.T0064.csproj", "{C606FF10-410A-4D5D-8D56-CEADDED973E3}"
EndProject
Project("{9A19103F-16F7-4668-BE54-9A1E7A4F7556}") = "R5T.T0062.X001", "..\..\R5T.T0062\source\R5T.T0062.X001\R5T.T0062.X001.csproj", "{B90C4F78-65F9-433D-A3FE-95F1EDD2D1D5}"
EndProject
Project("{9A19103F-16F7-4668-BE54-9A1E7A4F7556}") = "R5T.Lombardy.Base", "..\..\R5T.Lombardy.Base\source\R5T.Lombardy.Base\R5T.Lombardy.Base.csproj", "{C1C5935F-56B6-4CF8-8FC2-53366AE7646B}"
EndProject
Project("{9A19103F-16F7-4668-BE54-9A1E7A4F7556}") = "R5T.D0048.D002.Base", "R5T.D0048.D002.Base\R5T.D0048.D002.Base.csproj", "{0C4E1E15-F30A-4715-B0D0-5021C6DB13EF}"
EndProject
Project("{9A19103F-16F7-4668-BE54-9A1E7A4F7556}") = "R5T.D0048.D002.I001", "R5T.D0048.D002.I001\R5T.D0048.D002.I001.csproj", "{78D7C0BB-9C55-4942-B4CA-819EBC75760D}"
EndProject
Project("{9A19103F-16F7-4668-BE54-9A1E7A4F7556}") = "R5T.Magyar", "..\..\R5T.Magyar\source\R5T.Magyar\R5T.Magyar.csproj", "{2F700ED7-721F-475E-A36A-6E0D530A22B0}"
EndProject
Project("{9A19103F-16F7-4668-BE54-9A1E7A4F7556}") = "R5T.D0106.D002.Base", "..\..\R5T.D0106\source\R5T.D0106.D002.Base\R5T.D0106.D002.Base.csproj", "{B4DD8156-445C-4956-A7EA-6E03079EDFE3}"
EndProject
Project("{9A19103F-16F7-4668-BE54-9A1E7A4F7556}") = "R5T.D0048.I002", "R5T.D0048.I002\R5T.D0048.I002.csproj", "{BED88800-907E-4933-B155-D6765F4F7FF6}"
EndProject
Global
	GlobalSection(NestedProjects) = preSolution
		{C606FF10-410A-4D5D-8D56-CEADDED973E3} = {0BF7BE05-63BC-4991-B7D3-2CF90DEBEB7B}
		{B90C4F78-65F9-433D-A3FE-95F1EDD2D1D5} = {0BF7BE05-63BC-4991-B7D3-2CF90DEBEB7B}
		{C1C5935F-56B6-4CF8-8FC2-53366AE7646B} = {0BF7BE05-63BC-4991-B7D3-2CF90DEBEB7B}
		{2F700ED7-721F-475E-A36A-6E0D530A22B0} = {0BF7BE05-63BC-4991-B7D3-2CF90DEBEB7B}
		{B4DD8156-445C-4956-A7EA-6E03079EDFE3} = {0BF7BE05-63BC-4991-B7D3-2CF90DEBEB7B}
	EndGlobalSection
	GlobalSection(SolutionConfigurationPlatforms) = preSolution
		Debug|Any CPU = Debug|Any CPU
		Debug|x64 = Debug|x64
		Debug|x86 = Debug|x86
		Release|Any CPU = Release|Any CPU
		Release|x64 = Release|x64
		Release|x86 = Release|x86
	EndGlobalSection
	GlobalSection(ProjectConfigurationPlatforms) = postSolution
		{23D9D4EE-E896-42D1-9D89-346203408075}.Debug|Any CPU.ActiveCfg = Debug|Any CPU
		{23D9D4EE-E896-42D1-9D89-346203408075}.Debug|Any CPU.Build.0 = Debug|Any CPU
		{23D9D4EE-E896-42D1-9D89-346203408075}.Debug|x64.ActiveCfg = Debug|Any CPU
		{23D9D4EE-E896-42D1-9D89-346203408075}.Debug|x64.Build.0 = Debug|Any CPU
		{23D9D4EE-E896-42D1-9D89-346203408075}.Debug|x86.ActiveCfg = Debug|Any CPU
		{23D9D4EE-E896-42D1-9D89-346203408075}.Debug|x86.Build.0 = Debug|Any CPU
		{23D9D4EE-E896-42D1-9D89-346203408075}.Release|Any CPU.ActiveCfg = Release|Any CPU
		{23D9D4EE-E896-42D1-9D89-346203408075}.Release|Any CPU.Build.0 = Release|Any CPU
		{23D9D4EE-E896-42D1-9D89-346203408075}.Release|x64.ActiveCfg = Release|Any CPU
		{23D9D4EE-E896-42D1-9D89-346203408075}.Release|x64.Build.0 = Release|Any CPU
		{23D9D4EE-E896-42D1-9D89-346203408075}.Release|x86.ActiveCfg = Release|Any CPU
		{23D9D4EE-E896-42D1-9D89-346203408075}.Release|x86.Build.0 = Release|Any CPU
		{3D59182E-45E1-42D8-A1A3-987FDAA2FA00}.Debug|Any CPU.ActiveCfg = Debug|Any CPU
		{3D59182E-45E1-42D8-A1A3-987FDAA2FA00}.Debug|Any CPU.Build.0 = Debug|Any CPU
		{3D59182E-45E1-42D8-A1A3-987FDAA2FA00}.Debug|x64.ActiveCfg = Debug|Any CPU
		{3D59182E-45E1-42D8-A1A3-987FDAA2FA00}.Debug|x64.Build.0 = Debug|Any CPU
		{3D59182E-45E1-42D8-A1A3-987FDAA2FA00}.Debug|x86.ActiveCfg = Debug|Any CPU
		{3D59182E-45E1-42D8-A1A3-987FDAA2FA00}.Debug|x86.Build.0 = Debug|Any CPU
		{3D59182E-45E1-42D8-A1A3-987FDAA2FA00}.Release|Any CPU.ActiveCfg = Release|Any CPU
		{3D59182E-45E1-42D8-A1A3-987FDAA2FA00}.Release|Any CPU.Build.0 = Release|Any CPU
		{3D59182E-45E1-42D8-A1A3-987FDAA2FA00}.Release|x64.ActiveCfg = Release|Any CPU
		{3D59182E-45E1-42D8-A1A3-987FDAA2FA00}.Release|x64.Build.0 = Release|Any CPU
		{3D59182E-45E1-42D8-A1A3-987FDAA2FA00}.Release|x86.ActiveCfg = Release|Any CPU
		{3D59182E-45E1-42D8-A1A3-987FDAA2FA00}.Release|x86.Build.0 = Release|Any CPU
		{0FD8A7D6-998A-49D9-8AA9-94FA1CB3D915}.Debug|Any CPU.ActiveCfg = Debug|Any CPU
		{0FD8A7D6-998A-49D9-8AA9-94FA1CB3D915}.Debug|Any CPU.Build.0 = Debug|Any CPU
		{0FD8A7D6-998A-49D9-8AA9-94FA1CB3D915}.Debug|x64.ActiveCfg = Debug|Any CPU
		{0FD8A7D6-998A-49D9-8AA9-94FA1CB3D915}.Debug|x64.Build.0 = Debug|Any CPU
		{0FD8A7D6-998A-49D9-8AA9-94FA1CB3D915}.Debug|x86.ActiveCfg = Debug|Any CPU
		{0FD8A7D6-998A-49D9-8AA9-94FA1CB3D915}.Debug|x86.Build.0 = Debug|Any CPU
		{0FD8A7D6-998A-49D9-8AA9-94FA1CB3D915}.Release|Any CPU.ActiveCfg = Release|Any CPU
		{0FD8A7D6-998A-49D9-8AA9-94FA1CB3D915}.Release|Any CPU.Build.0 = Release|Any CPU
		{0FD8A7D6-998A-49D9-8AA9-94FA1CB3D915}.Release|x64.ActiveCfg = Release|Any CPU
		{0FD8A7D6-998A-49D9-8AA9-94FA1CB3D915}.Release|x64.Build.0 = Release|Any CPU
		{0FD8A7D6-998A-49D9-8AA9-94FA1CB3D915}.Release|x86.ActiveCfg = Release|Any CPU
		{0FD8A7D6-998A-49D9-8AA9-94FA1CB3D915}.Release|x86.Build.0 = Release|Any CPU
		{C606FF10-410A-4D5D-8D56-CEADDED973E3}.Debug|Any CPU.ActiveCfg = Debug|Any CPU
		{C606FF10-410A-4D5D-8D56-CEADDED973E3}.Debug|Any CPU.Build.0 = Debug|Any CPU
		{C606FF10-410A-4D5D-8D56-CEADDED973E3}.Debug|x64.ActiveCfg = Debug|Any CPU
		{C606FF10-410A-4D5D-8D56-CEADDED973E3}.Debug|x64.Build.0 = Debug|Any CPU
		{C606FF10-410A-4D5D-8D56-CEADDED973E3}.Debug|x86.ActiveCfg = Debug|Any CPU
		{C606FF10-410A-4D5D-8D56-CEADDED973E3}.Debug|x86.Build.0 = Debug|Any CPU
		{C606FF10-410A-4D5D-8D56-CEADDED973E3}.Release|Any CPU.ActiveCfg = Release|Any CPU
		{C606FF10-410A-4D5D-8D56-CEADDED973E3}.Release|Any CPU.Build.0 = Release|Any CPU
		{C606FF10-410A-4D5D-8D56-CEADDED973E3}.Release|x64.ActiveCfg = Release|Any CPU
		{C606FF10-410A-4D5D-8D56-CEADDED973E3}.Release|x64.Build.0 = Release|Any CPU
		{C606FF10-410A-4D5D-8D56-CEADDED973E3}.Release|x86.ActiveCfg = Release|Any CPU
		{C606FF10-410A-4D5D-8D56-CEADDED973E3}.Release|x86.Build.0 = Release|Any CPU
		{B90C4F78-65F9-433D-A3FE-95F1EDD2D1D5}.Debug|Any CPU.ActiveCfg = Debug|Any CPU
		{B90C4F78-65F9-433D-A3FE-95F1EDD2D1D5}.Debug|Any CPU.Build.0 = Debug|Any CPU
		{B90C4F78-65F9-433D-A3FE-95F1EDD2D1D5}.Debug|x64.ActiveCfg = Debug|Any CPU
		{B90C4F78-65F9-433D-A3FE-95F1EDD2D1D5}.Debug|x64.Build.0 = Debug|Any CPU
		{B90C4F78-65F9-433D-A3FE-95F1EDD2D1D5}.Debug|x86.ActiveCfg = Debug|Any CPU
		{B90C4F78-65F9-433D-A3FE-95F1EDD2D1D5}.Debug|x86.Build.0 = Debug|Any CPU
		{B90C4F78-65F9-433D-A3FE-95F1EDD2D1D5}.Release|Any CPU.ActiveCfg = Release|Any CPU
		{B90C4F78-65F9-433D-A3FE-95F1EDD2D1D5}.Release|Any CPU.Build.0 = Release|Any CPU
		{B90C4F78-65F9-433D-A3FE-95F1EDD2D1D5}.Release|x64.ActiveCfg = Release|Any CPU
		{B90C4F78-65F9-433D-A3FE-95F1EDD2D1D5}.Release|x64.Build.0 = Release|Any CPU
		{B90C4F78-65F9-433D-A3FE-95F1EDD2D1D5}.Release|x86.ActiveCfg = Release|Any CPU
		{B90C4F78-65F9-433D-A3FE-95F1EDD2D1D5}.Release|x86.Build.0 = Release|Any CPU
		{C1C5935F-56B6-4CF8-8FC2-53366AE7646B}.Debug|Any CPU.ActiveCfg = Debug|Any CPU
		{C1C5935F-56B6-4CF8-8FC2-53366AE7646B}.Debug|Any CPU.Build.0 = Debug|Any CPU
		{C1C5935F-56B6-4CF8-8FC2-53366AE7646B}.Debug|x64.ActiveCfg = Debug|Any CPU
		{C1C5935F-56B6-4CF8-8FC2-53366AE7646B}.Debug|x64.Build.0 = Debug|Any CPU
		{C1C5935F-56B6-4CF8-8FC2-53366AE7646B}.Debug|x86.ActiveCfg = Debug|Any CPU
		{C1C5935F-56B6-4CF8-8FC2-53366AE7646B}.Debug|x86.Build.0 = Debug|Any CPU
		{C1C5935F-56B6-4CF8-8FC2-53366AE7646B}.Release|Any CPU.ActiveCfg = Release|Any CPU
		{C1C5935F-56B6-4CF8-8FC2-53366AE7646B}.Release|Any CPU.Build.0 = Release|Any CPU
		{C1C5935F-56B6-4CF8-8FC2-53366AE7646B}.Release|x64.ActiveCfg = Release|Any CPU
		{C1C5935F-56B6-4CF8-8FC2-53366AE7646B}.Release|x64.Build.0 = Release|Any CPU
		{C1C5935F-56B6-4CF8-8FC2-53366AE7646B}.Release|x86.ActiveCfg = Release|Any CPU
		{C1C5935F-56B6-4CF8-8FC2-53366AE7646B}.Release|x86.Build.0 = Release|Any CPU
		{0C4E1E15-F30A-4715-B0D0-5021C6DB13EF}.Debug|Any CPU.ActiveCfg = Debug|Any CPU
		{0C4E1E15-F30A-4715-B0D0-5021C6DB13EF}.Debug|Any CPU.Build.0 = Debug|Any CPU
		{0C4E1E15-F30A-4715-B0D0-5021C6DB13EF}.Debug|x64.ActiveCfg = Debug|Any CPU
		{0C4E1E15-F30A-4715-B0D0-5021C6DB13EF}.Debug|x64.Build.0 = Debug|Any CPU
		{0C4E1E15-F30A-4715-B0D0-5021C6DB13EF}.Debug|x86.ActiveCfg = Debug|Any CPU
		{0C4E1E15-F30A-4715-B0D0-5021C6DB13EF}.Debug|x86.Build.0 = Debug|Any CPU
		{0C4E1E15-F30A-4715-B0D0-5021C6DB13EF}.Release|Any CPU.ActiveCfg = Release|Any CPU
		{0C4E1E15-F30A-4715-B0D0-5021C6DB13EF}.Release|Any CPU.Build.0 = Release|Any CPU
		{0C4E1E15-F30A-4715-B0D0-5021C6DB13EF}.Release|x64.ActiveCfg = Release|Any CPU
		{0C4E1E15-F30A-4715-B0D0-5021C6DB13EF}.Release|x64.Build.0 = Release|Any CPU
		{0C4E1E15-F30A-4715-B0D0-5021C6DB13EF}.Release|x86.ActiveCfg = Release|Any CPU
		{0C4E1E15-F30A-4715-B0D0-5021C6DB13EF}.Release|x86.Build.0 = Release|Any CPU
		{78D7C0BB-9C55-4942-B4CA-819EBC75760D}.Debug|Any CPU.ActiveCfg = Debug|Any CPU
		{78D7C0BB-9C55-4942-B4CA-819EBC75760D}.Debug|Any CPU.Build.0 = Debug|Any CPU
		{78D7C0BB-9C55-4942-B4CA-819EBC75760D}.Debug|x64.ActiveCfg = Debug|Any CPU
		{78D7C0BB-9C55-4942-B4CA-819EBC75760D}.Debug|x64.Build.0 = Debug|Any CPU
		{78D7C0BB-9C55-4942-B4CA-819EBC75760D}.Debug|x86.ActiveCfg = Debug|Any CPU
		{78D7C0BB-9C55-4942-B4CA-819EBC75760D}.Debug|x86.Build.0 = Debug|Any CPU
		{78D7C0BB-9C55-4942-B4CA-819EBC75760D}.Release|Any CPU.ActiveCfg = Release|Any CPU
		{78D7C0BB-9C55-4942-B4CA-819EBC75760D}.Release|Any CPU.Build.0 = Release|Any CPU
		{78D7C0BB-9C55-4942-B4CA-819EBC75760D}.Release|x64.ActiveCfg = Release|Any CPU
		{78D7C0BB-9C55-4942-B4CA-819EBC75760D}.Release|x64.Build.0 = Release|Any CPU
		{78D7C0BB-9C55-4942-B4CA-819EBC75760D}.Release|x86.ActiveCfg = Release|Any CPU
		{78D7C0BB-9C55-4942-B4CA-819EBC75760D}.Release|x86.Build.0 = Release|Any CPU
		{2F700ED7-721F-475E-A36A-6E0D530A22B0}.Debug|Any CPU.ActiveCfg = Debug|Any CPU
		{2F700ED7-721F-475E-A36A-6E0D530A22B0}.Debug|Any CPU.Build.0 = Debug|Any CPU
		{2F700ED7-721F-475E-A36A-6E0D530A22B0}.Debug|x64.ActiveCfg = Debug|Any CPU
		{2F700ED7-721F-475E-A36A-6E0D530A22B0}.Debug|x64.Build.0 = Debug|Any CPU
		{2F700ED7-721F-475E-A36A-6E0D530A22B0}.Debug|x86.ActiveCfg = Debug|Any CPU
		{2F700ED7-721F-475E-A36A-6E0D530A22B0}.Debug|x86.Build.0 = Debug|Any CPU
		{2F700ED7-721F-475E-A36A-6E0D530A22B0}.Release|Any CPU.ActiveCfg = Release|Any CPU
		{2F700ED7-721F-475E-A36A-6E0D530A22B0}.Release|Any CPU.Build.0 = Release|Any CPU
		{2F700ED7-721F-475E-A36A-6E0D530A22B0}.Release|x64.ActiveCfg = Release|Any CPU
		{2F700ED7-721F-475E-A36A-6E0D530A22B0}.Release|x64.Build.0 = Release|Any CPU
		{2F700ED7-721F-475E-A36A-6E0D530A22B0}.Release|x86.ActiveCfg = Release|Any CPU
		{2F700ED7-721F-475E-A36A-6E0D530A22B0}.Release|x86.Build.0 = Release|Any CPU
		{B4DD8156-445C-4956-A7EA-6E03079EDFE3}.Debug|Any CPU.ActiveCfg = Debug|Any CPU
		{B4DD8156-445C-4956-A7EA-6E03079EDFE3}.Debug|Any CPU.Build.0 = Debug|Any CPU
		{B4DD8156-445C-4956-A7EA-6E03079EDFE3}.Debug|x64.ActiveCfg = Debug|Any CPU
		{B4DD8156-445C-4956-A7EA-6E03079EDFE3}.Debug|x64.Build.0 = Debug|Any CPU
		{B4DD8156-445C-4956-A7EA-6E03079EDFE3}.Debug|x86.ActiveCfg = Debug|Any CPU
		{B4DD8156-445C-4956-A7EA-6E03079EDFE3}.Debug|x86.Build.0 = Debug|Any CPU
		{B4DD8156-445C-4956-A7EA-6E03079EDFE3}.Release|Any CPU.ActiveCfg = Release|Any CPU
		{B4DD8156-445C-4956-A7EA-6E03079EDFE3}.Release|Any CPU.Build.0 = Release|Any CPU
		{B4DD8156-445C-4956-A7EA-6E03079EDFE3}.Release|x64.ActiveCfg = Release|Any CPU
		{B4DD8156-445C-4956-A7EA-6E03079EDFE3}.Release|x64.Build.0 = Release|Any CPU
		{B4DD8156-445C-4956-A7EA-6E03079EDFE3}.Release|x86.ActiveCfg = Release|Any CPU
		{B4DD8156-445C-4956-A7EA-6E03079EDFE3}.Release|x86.Build.0 = Release|Any CPU
		{BED88800-907E-4933-B155-D6765F4F7FF6}.Debug|Any CPU.ActiveCfg = Debug|Any CPU
		{BED88800-907E-4933-B155-D6765F4F7FF6}.Debug|Any CPU.Build.0 = Debug|Any CPU
		{BED88800-907E-4933-B155-D6765F4F7FF6}.Debug|x64.ActiveCfg = Debug|Any CPU
		{BED88800-907E-4933-B155-D6765F4F7FF6}.Debug|x64.Build.0 = Debug|Any CPU
		{BED88800-907E-4933-B155-D6765F4F7FF6}.Debug|x86.ActiveCfg = Debug|Any CPU
		{BED88800-907E-4933-B155-D6765F4F7FF6}.Debug|x86.Build.0 = Debug|Any CPU
		{BED88800-907E-4933-B155-D6765F4F7FF6}.Release|Any CPU.ActiveCfg = Release|Any CPU
		{BED88800-907E-4933-B155-D6765F4F7FF6}.Release|Any CPU.Build.0 = Release|Any CPU
		{BED88800-907E-4933-B155-D6765F4F7FF6}.Release|x64.ActiveCfg = Release|Any CPU
		{BED88800-907E-4933-B155-D6765F4F7FF6}.Release|x64.Build.0 = Release|Any CPU
		{BED88800-907E-4933-B155-D6765F4F7FF6}.Release|x86.ActiveCfg = Release|Any CPU
		{BED88800-907E-4933-B155-D6765F4F7FF6}.Release|x86.Build.0 = Release|Any CPU
	EndGlobalSection
	GlobalSection(SolutionProperties) = preSolution
		HideSolutionNode = FALSE
	EndGlobalSection
	GlobalSection(ExtensibilityGlobals) = postSolution
		SolutionGuid = {43AA1095-B7F6-472B-94C0-AFC2DF7DB21E}
	EndGlobalSection
EndGlobal
