
Microsoft Visual Studio Solution File, Format Version 12.00
# Visual Studio Version 16
VisualStudioVersion = 16.0.30114.105
MinimumVisualStudioVersion = 10.0.40219.1
Project("{FAE04EC0-301F-11D3-BF4B-00C04F79EFBC}") = "R5T.D0048.A001", "R5T.D0048.A001\R5T.D0048.A001.csproj", "{1B354C12-B6B2-44C4-9B93-3122842A09B1}"
EndProject
Project("{FAE04EC0-301F-11D3-BF4B-00C04F79EFBC}") = "R5T.D0048.Base", "R5T.D0048.Base\R5T.D0048.Base.csproj", "{F41439B8-D0C5-467F-9769-A1C6AA935AC4}"
EndProject
Project("{FAE04EC0-301F-11D3-BF4B-00C04F79EFBC}") = "R5T.D0048.Construction", "R5T.D0048.Construction\R5T.D0048.Construction.csproj", "{02952D98-171D-45A5-A56A-9FE31349BBF7}"
EndProject
Project("{FAE04EC0-301F-11D3-BF4B-00C04F79EFBC}") = "R5T.D0048.D002.Base", "R5T.D0048.D002.Base\R5T.D0048.D002.Base.csproj", "{23D8907C-9558-4C41-9CBC-852674229E45}"
EndProject
Project("{FAE04EC0-301F-11D3-BF4B-00C04F79EFBC}") = "R5T.D0048.D002.I001", "R5T.D0048.D002.I001\R5T.D0048.D002.I001.csproj", "{077D4136-0939-4A77-9447-28B69D7BFB15}"
EndProject
Project("{FAE04EC0-301F-11D3-BF4B-00C04F79EFBC}") = "R5T.D0048.Default", "R5T.D0048.Default\R5T.D0048.Default.csproj", "{33187F72-0921-4CF2-A437-C50BF8BA0F93}"
EndProject
Project("{FAE04EC0-301F-11D3-BF4B-00C04F79EFBC}") = "R5T.D0048.I002", "R5T.D0048.I002\R5T.D0048.I002.csproj", "{C88C1C8C-A0EA-4F8C-B3D0-F358BD94C825}"
EndProject
Global
	GlobalSection(SolutionConfigurationPlatforms) = preSolution
		Debug|Any CPU = Debug|Any CPU
		Debug|x64 = Debug|x64
		Debug|x86 = Debug|x86
		Release|Any CPU = Release|Any CPU
		Release|x64 = Release|x64
		Release|x86 = Release|x86
	EndGlobalSection
	GlobalSection(SolutionProperties) = preSolution
		HideSolutionNode = FALSE
	EndGlobalSection
	GlobalSection(ProjectConfigurationPlatforms) = postSolution
		{1B354C12-B6B2-44C4-9B93-3122842A09B1}.Debug|Any CPU.ActiveCfg = Debug|Any CPU
		{1B354C12-B6B2-44C4-9B93-3122842A09B1}.Debug|Any CPU.Build.0 = Debug|Any CPU
		{1B354C12-B6B2-44C4-9B93-3122842A09B1}.Debug|x64.ActiveCfg = Debug|Any CPU
		{1B354C12-B6B2-44C4-9B93-3122842A09B1}.Debug|x64.Build.0 = Debug|Any CPU
		{1B354C12-B6B2-44C4-9B93-3122842A09B1}.Debug|x86.ActiveCfg = Debug|Any CPU
		{1B354C12-B6B2-44C4-9B93-3122842A09B1}.Debug|x86.Build.0 = Debug|Any CPU
		{1B354C12-B6B2-44C4-9B93-3122842A09B1}.Release|Any CPU.ActiveCfg = Release|Any CPU
		{1B354C12-B6B2-44C4-9B93-3122842A09B1}.Release|Any CPU.Build.0 = Release|Any CPU
		{1B354C12-B6B2-44C4-9B93-3122842A09B1}.Release|x64.ActiveCfg = Release|Any CPU
		{1B354C12-B6B2-44C4-9B93-3122842A09B1}.Release|x64.Build.0 = Release|Any CPU
		{1B354C12-B6B2-44C4-9B93-3122842A09B1}.Release|x86.ActiveCfg = Release|Any CPU
		{1B354C12-B6B2-44C4-9B93-3122842A09B1}.Release|x86.Build.0 = Release|Any CPU
		{F41439B8-D0C5-467F-9769-A1C6AA935AC4}.Debug|Any CPU.ActiveCfg = Debug|Any CPU
		{F41439B8-D0C5-467F-9769-A1C6AA935AC4}.Debug|Any CPU.Build.0 = Debug|Any CPU
		{F41439B8-D0C5-467F-9769-A1C6AA935AC4}.Debug|x64.ActiveCfg = Debug|Any CPU
		{F41439B8-D0C5-467F-9769-A1C6AA935AC4}.Debug|x64.Build.0 = Debug|Any CPU
		{F41439B8-D0C5-467F-9769-A1C6AA935AC4}.Debug|x86.ActiveCfg = Debug|Any CPU
		{F41439B8-D0C5-467F-9769-A1C6AA935AC4}.Debug|x86.Build.0 = Debug|Any CPU
		{F41439B8-D0C5-467F-9769-A1C6AA935AC4}.Release|Any CPU.ActiveCfg = Release|Any CPU
		{F41439B8-D0C5-467F-9769-A1C6AA935AC4}.Release|Any CPU.Build.0 = Release|Any CPU
		{F41439B8-D0C5-467F-9769-A1C6AA935AC4}.Release|x64.ActiveCfg = Release|Any CPU
		{F41439B8-D0C5-467F-9769-A1C6AA935AC4}.Release|x64.Build.0 = Release|Any CPU
		{F41439B8-D0C5-467F-9769-A1C6AA935AC4}.Release|x86.ActiveCfg = Release|Any CPU
		{F41439B8-D0C5-467F-9769-A1C6AA935AC4}.Release|x86.Build.0 = Release|Any CPU
		{02952D98-171D-45A5-A56A-9FE31349BBF7}.Debug|Any CPU.ActiveCfg = Debug|Any CPU
		{02952D98-171D-45A5-A56A-9FE31349BBF7}.Debug|Any CPU.Build.0 = Debug|Any CPU
		{02952D98-171D-45A5-A56A-9FE31349BBF7}.Debug|x64.ActiveCfg = Debug|Any CPU
		{02952D98-171D-45A5-A56A-9FE31349BBF7}.Debug|x64.Build.0 = Debug|Any CPU
		{02952D98-171D-45A5-A56A-9FE31349BBF7}.Debug|x86.ActiveCfg = Debug|Any CPU
		{02952D98-171D-45A5-A56A-9FE31349BBF7}.Debug|x86.Build.0 = Debug|Any CPU
		{02952D98-171D-45A5-A56A-9FE31349BBF7}.Release|Any CPU.ActiveCfg = Release|Any CPU
		{02952D98-171D-45A5-A56A-9FE31349BBF7}.Release|Any CPU.Build.0 = Release|Any CPU
		{02952D98-171D-45A5-A56A-9FE31349BBF7}.Release|x64.ActiveCfg = Release|Any CPU
		{02952D98-171D-45A5-A56A-9FE31349BBF7}.Release|x64.Build.0 = Release|Any CPU
		{02952D98-171D-45A5-A56A-9FE31349BBF7}.Release|x86.ActiveCfg = Release|Any CPU
		{02952D98-171D-45A5-A56A-9FE31349BBF7}.Release|x86.Build.0 = Release|Any CPU
		{23D8907C-9558-4C41-9CBC-852674229E45}.Debug|Any CPU.ActiveCfg = Debug|Any CPU
		{23D8907C-9558-4C41-9CBC-852674229E45}.Debug|Any CPU.Build.0 = Debug|Any CPU
		{23D8907C-9558-4C41-9CBC-852674229E45}.Debug|x64.ActiveCfg = Debug|Any CPU
		{23D8907C-9558-4C41-9CBC-852674229E45}.Debug|x64.Build.0 = Debug|Any CPU
		{23D8907C-9558-4C41-9CBC-852674229E45}.Debug|x86.ActiveCfg = Debug|Any CPU
		{23D8907C-9558-4C41-9CBC-852674229E45}.Debug|x86.Build.0 = Debug|Any CPU
		{23D8907C-9558-4C41-9CBC-852674229E45}.Release|Any CPU.ActiveCfg = Release|Any CPU
		{23D8907C-9558-4C41-9CBC-852674229E45}.Release|Any CPU.Build.0 = Release|Any CPU
		{23D8907C-9558-4C41-9CBC-852674229E45}.Release|x64.ActiveCfg = Release|Any CPU
		{23D8907C-9558-4C41-9CBC-852674229E45}.Release|x64.Build.0 = Release|Any CPU
		{23D8907C-9558-4C41-9CBC-852674229E45}.Release|x86.ActiveCfg = Release|Any CPU
		{23D8907C-9558-4C41-9CBC-852674229E45}.Release|x86.Build.0 = Release|Any CPU
		{077D4136-0939-4A77-9447-28B69D7BFB15}.Debug|Any CPU.ActiveCfg = Debug|Any CPU
		{077D4136-0939-4A77-9447-28B69D7BFB15}.Debug|Any CPU.Build.0 = Debug|Any CPU
		{077D4136-0939-4A77-9447-28B69D7BFB15}.Debug|x64.ActiveCfg = Debug|Any CPU
		{077D4136-0939-4A77-9447-28B69D7BFB15}.Debug|x64.Build.0 = Debug|Any CPU
		{077D4136-0939-4A77-9447-28B69D7BFB15}.Debug|x86.ActiveCfg = Debug|Any CPU
		{077D4136-0939-4A77-9447-28B69D7BFB15}.Debug|x86.Build.0 = Debug|Any CPU
		{077D4136-0939-4A77-9447-28B69D7BFB15}.Release|Any CPU.ActiveCfg = Release|Any CPU
		{077D4136-0939-4A77-9447-28B69D7BFB15}.Release|Any CPU.Build.0 = Release|Any CPU
		{077D4136-0939-4A77-9447-28B69D7BFB15}.Release|x64.ActiveCfg = Release|Any CPU
		{077D4136-0939-4A77-9447-28B69D7BFB15}.Release|x64.Build.0 = Release|Any CPU
		{077D4136-0939-4A77-9447-28B69D7BFB15}.Release|x86.ActiveCfg = Release|Any CPU
		{077D4136-0939-4A77-9447-28B69D7BFB15}.Release|x86.Build.0 = Release|Any CPU
		{33187F72-0921-4CF2-A437-C50BF8BA0F93}.Debug|Any CPU.ActiveCfg = Debug|Any CPU
		{33187F72-0921-4CF2-A437-C50BF8BA0F93}.Debug|Any CPU.Build.0 = Debug|Any CPU
		{33187F72-0921-4CF2-A437-C50BF8BA0F93}.Debug|x64.ActiveCfg = Debug|Any CPU
		{33187F72-0921-4CF2-A437-C50BF8BA0F93}.Debug|x64.Build.0 = Debug|Any CPU
		{33187F72-0921-4CF2-A437-C50BF8BA0F93}.Debug|x86.ActiveCfg = Debug|Any CPU
		{33187F72-0921-4CF2-A437-C50BF8BA0F93}.Debug|x86.Build.0 = Debug|Any CPU
		{33187F72-0921-4CF2-A437-C50BF8BA0F93}.Release|Any CPU.ActiveCfg = Release|Any CPU
		{33187F72-0921-4CF2-A437-C50BF8BA0F93}.Release|Any CPU.Build.0 = Release|Any CPU
		{33187F72-0921-4CF2-A437-C50BF8BA0F93}.Release|x64.ActiveCfg = Release|Any CPU
		{33187F72-0921-4CF2-A437-C50BF8BA0F93}.Release|x64.Build.0 = Release|Any CPU
		{33187F72-0921-4CF2-A437-C50BF8BA0F93}.Release|x86.ActiveCfg = Release|Any CPU
		{33187F72-0921-4CF2-A437-C50BF8BA0F93}.Release|x86.Build.0 = Release|Any CPU
		{C88C1C8C-A0EA-4F8C-B3D0-F358BD94C825}.Debug|Any CPU.ActiveCfg = Debug|Any CPU
		{C88C1C8C-A0EA-4F8C-B3D0-F358BD94C825}.Debug|Any CPU.Build.0 = Debug|Any CPU
		{C88C1C8C-A0EA-4F8C-B3D0-F358BD94C825}.Debug|x64.ActiveCfg = Debug|Any CPU
		{C88C1C8C-A0EA-4F8C-B3D0-F358BD94C825}.Debug|x64.Build.0 = Debug|Any CPU
		{C88C1C8C-A0EA-4F8C-B3D0-F358BD94C825}.Debug|x86.ActiveCfg = Debug|Any CPU
		{C88C1C8C-A0EA-4F8C-B3D0-F358BD94C825}.Debug|x86.Build.0 = Debug|Any CPU
		{C88C1C8C-A0EA-4F8C-B3D0-F358BD94C825}.Release|Any CPU.ActiveCfg = Release|Any CPU
		{C88C1C8C-A0EA-4F8C-B3D0-F358BD94C825}.Release|Any CPU.Build.0 = Release|Any CPU
		{C88C1C8C-A0EA-4F8C-B3D0-F358BD94C825}.Release|x64.ActiveCfg = Release|Any CPU
		{C88C1C8C-A0EA-4F8C-B3D0-F358BD94C825}.Release|x64.Build.0 = Release|Any CPU
		{C88C1C8C-A0EA-4F8C-B3D0-F358BD94C825}.Release|x86.ActiveCfg = Release|Any CPU
		{C88C1C8C-A0EA-4F8C-B3D0-F358BD94C825}.Release|x86.Build.0 = Release|Any CPU
	EndGlobalSection
EndGlobal
